
Microsoft Visual Studio Solution File, Format Version 12.00
# Visual Studio Version 17
VisualStudioVersion = 17.9.34728.123
MinimumVisualStudioVersion = 10.0.40219.1
Project("{2150E333-8FDC-42A3-9474-1A3956D46DE8}") = "Tests", "Tests", "{190976CA-8737-4770-90D6-F36489EFF6E4}"
EndProject
Project("{9A19103F-16F7-4668-BE54-9A1E7A4F7556}") = "ThermalSim.Tests", "ThermalSim.Tests\ThermalSim.Tests.csproj", "{6137C702-23DF-4204-BC8A-25F611668B62}"
EndProject
Project("{9A19103F-16F7-4668-BE54-9A1E7A4F7556}") = "ThermalSim.Api", "ThermalSim.Api\ThermalSim.Api.csproj", "{17B80DBF-5D1B-4ADC-BD33-DB81878C0E96}"
EndProject
Project("{9A19103F-16F7-4668-BE54-9A1E7A4F7556}") = "ThermalSim.Domain", "ThermalSim.Domain\ThermalSim.Domain.csproj", "{CFBB7C5C-AFF5-4EBB-A4EC-92A910B9FCAD}"
EndProject
Project("{9A19103F-16F7-4668-BE54-9A1E7A4F7556}") = "ThermalSim.Helpers", "ThermalSim.Helpers\ThermalSim.Helpers.csproj", "{FBB57791-3EE0-47D7-B76D-8D165255D7B9}"
EndProject
Global
	GlobalSection(SolutionConfigurationPlatforms) = preSolution
		Debug|Any CPU = Debug|Any CPU
		Debug|ARM64 = Debug|ARM64
		Debug|x64 = Debug|x64
		Debug|x86 = Debug|x86
		Release|Any CPU = Release|Any CPU
		Release|ARM64 = Release|ARM64
		Release|x64 = Release|x64
		Release|x86 = Release|x86
	EndGlobalSection
	GlobalSection(ProjectConfigurationPlatforms) = postSolution
		{6137C702-23DF-4204-BC8A-25F611668B62}.Debug|Any CPU.ActiveCfg = Debug|Any CPU
		{6137C702-23DF-4204-BC8A-25F611668B62}.Debug|Any CPU.Build.0 = Debug|Any CPU
		{6137C702-23DF-4204-BC8A-25F611668B62}.Debug|ARM64.ActiveCfg = Debug|Any CPU
		{6137C702-23DF-4204-BC8A-25F611668B62}.Debug|ARM64.Build.0 = Debug|Any CPU
		{6137C702-23DF-4204-BC8A-25F611668B62}.Debug|x64.ActiveCfg = Debug|Any CPU
		{6137C702-23DF-4204-BC8A-25F611668B62}.Debug|x64.Build.0 = Debug|Any CPU
		{6137C702-23DF-4204-BC8A-25F611668B62}.Debug|x86.ActiveCfg = Debug|Any CPU
		{6137C702-23DF-4204-BC8A-25F611668B62}.Debug|x86.Build.0 = Debug|Any CPU
		{6137C702-23DF-4204-BC8A-25F611668B62}.Release|Any CPU.ActiveCfg = Release|Any CPU
		{6137C702-23DF-4204-BC8A-25F611668B62}.Release|Any CPU.Build.0 = Release|Any CPU
		{6137C702-23DF-4204-BC8A-25F611668B62}.Release|ARM64.ActiveCfg = Release|Any CPU
		{6137C702-23DF-4204-BC8A-25F611668B62}.Release|ARM64.Build.0 = Release|Any CPU
		{6137C702-23DF-4204-BC8A-25F611668B62}.Release|x64.ActiveCfg = Release|Any CPU
		{6137C702-23DF-4204-BC8A-25F611668B62}.Release|x64.Build.0 = Release|Any CPU
		{6137C702-23DF-4204-BC8A-25F611668B62}.Release|x86.ActiveCfg = Release|Any CPU
		{6137C702-23DF-4204-BC8A-25F611668B62}.Release|x86.Build.0 = Release|Any CPU
		{17B80DBF-5D1B-4ADC-BD33-DB81878C0E96}.Debug|Any CPU.ActiveCfg = Debug|Any CPU
		{17B80DBF-5D1B-4ADC-BD33-DB81878C0E96}.Debug|Any CPU.Build.0 = Debug|Any CPU
		{17B80DBF-5D1B-4ADC-BD33-DB81878C0E96}.Debug|ARM64.ActiveCfg = Debug|Any CPU
		{17B80DBF-5D1B-4ADC-BD33-DB81878C0E96}.Debug|ARM64.Build.0 = Debug|Any CPU
		{17B80DBF-5D1B-4ADC-BD33-DB81878C0E96}.Debug|x64.ActiveCfg = Debug|Any CPU
		{17B80DBF-5D1B-4ADC-BD33-DB81878C0E96}.Debug|x64.Build.0 = Debug|Any CPU
		{17B80DBF-5D1B-4ADC-BD33-DB81878C0E96}.Debug|x86.ActiveCfg = Debug|Any CPU
		{17B80DBF-5D1B-4ADC-BD33-DB81878C0E96}.Debug|x86.Build.0 = Debug|Any CPU
		{17B80DBF-5D1B-4ADC-BD33-DB81878C0E96}.Release|Any CPU.ActiveCfg = Release|Any CPU
		{17B80DBF-5D1B-4ADC-BD33-DB81878C0E96}.Release|Any CPU.Build.0 = Release|Any CPU
		{17B80DBF-5D1B-4ADC-BD33-DB81878C0E96}.Release|ARM64.ActiveCfg = Release|Any CPU
		{17B80DBF-5D1B-4ADC-BD33-DB81878C0E96}.Release|ARM64.Build.0 = Release|Any CPU
		{17B80DBF-5D1B-4ADC-BD33-DB81878C0E96}.Release|x64.ActiveCfg = Release|Any CPU
		{17B80DBF-5D1B-4ADC-BD33-DB81878C0E96}.Release|x64.Build.0 = Release|Any CPU
		{17B80DBF-5D1B-4ADC-BD33-DB81878C0E96}.Release|x86.ActiveCfg = Release|Any CPU
		{17B80DBF-5D1B-4ADC-BD33-DB81878C0E96}.Release|x86.Build.0 = Release|Any CPU
		{CFBB7C5C-AFF5-4EBB-A4EC-92A910B9FCAD}.Debug|Any CPU.ActiveCfg = Debug|Any CPU
		{CFBB7C5C-AFF5-4EBB-A4EC-92A910B9FCAD}.Debug|Any CPU.Build.0 = Debug|Any CPU
		{CFBB7C5C-AFF5-4EBB-A4EC-92A910B9FCAD}.Debug|ARM64.ActiveCfg = Debug|Any CPU
		{CFBB7C5C-AFF5-4EBB-A4EC-92A910B9FCAD}.Debug|ARM64.Build.0 = Debug|Any CPU
		{CFBB7C5C-AFF5-4EBB-A4EC-92A910B9FCAD}.Debug|x64.ActiveCfg = Debug|x64
		{CFBB7C5C-AFF5-4EBB-A4EC-92A910B9FCAD}.Debug|x64.Build.0 = Debug|x64
		{CFBB7C5C-AFF5-4EBB-A4EC-92A910B9FCAD}.Debug|x86.ActiveCfg = Debug|x86
		{CFBB7C5C-AFF5-4EBB-A4EC-92A910B9FCAD}.Debug|x86.Build.0 = Debug|x86
		{CFBB7C5C-AFF5-4EBB-A4EC-92A910B9FCAD}.Release|Any CPU.ActiveCfg = Release|Any CPU
		{CFBB7C5C-AFF5-4EBB-A4EC-92A910B9FCAD}.Release|Any CPU.Build.0 = Release|Any CPU
		{CFBB7C5C-AFF5-4EBB-A4EC-92A910B9FCAD}.Release|ARM64.ActiveCfg = Release|Any CPU
		{CFBB7C5C-AFF5-4EBB-A4EC-92A910B9FCAD}.Release|ARM64.Build.0 = Release|Any CPU
		{CFBB7C5C-AFF5-4EBB-A4EC-92A910B9FCAD}.Release|x64.ActiveCfg = Release|x64
		{CFBB7C5C-AFF5-4EBB-A4EC-92A910B9FCAD}.Release|x64.Build.0 = Release|x64
		{CFBB7C5C-AFF5-4EBB-A4EC-92A910B9FCAD}.Release|x86.ActiveCfg = Release|x86
		{CFBB7C5C-AFF5-4EBB-A4EC-92A910B9FCAD}.Release|x86.Build.0 = Release|x86
		{FBB57791-3EE0-47D7-B76D-8D165255D7B9}.Debug|Any CPU.ActiveCfg = Debug|Any CPU
		{FBB57791-3EE0-47D7-B76D-8D165255D7B9}.Debug|Any CPU.Build.0 = Debug|Any CPU
		{FBB57791-3EE0-47D7-B76D-8D165255D7B9}.Debug|ARM64.ActiveCfg = Debug|Any CPU
		{FBB57791-3EE0-47D7-B76D-8D165255D7B9}.Debug|ARM64.Build.0 = Debug|Any CPU
		{FBB57791-3EE0-47D7-B76D-8D165255D7B9}.Debug|x64.ActiveCfg = Debug|Any CPU
		{FBB57791-3EE0-47D7-B76D-8D165255D7B9}.Debug|x64.Build.0 = Debug|Any CPU
		{FBB57791-3EE0-47D7-B76D-8D165255D7B9}.Debug|x86.ActiveCfg = Debug|Any CPU
		{FBB57791-3EE0-47D7-B76D-8D165255D7B9}.Debug|x86.Build.0 = Debug|Any CPU
		{FBB57791-3EE0-47D7-B76D-8D165255D7B9}.Release|Any CPU.ActiveCfg = Release|Any CPU
		{FBB57791-3EE0-47D7-B76D-8D165255D7B9}.Release|Any CPU.Build.0 = Release|Any CPU
		{FBB57791-3EE0-47D7-B76D-8D165255D7B9}.Release|ARM64.ActiveCfg = Release|Any CPU
		{FBB57791-3EE0-47D7-B76D-8D165255D7B9}.Release|ARM64.Build.0 = Release|Any CPU
		{FBB57791-3EE0-47D7-B76D-8D165255D7B9}.Release|x64.ActiveCfg = Release|Any CPU
		{FBB57791-3EE0-47D7-B76D-8D165255D7B9}.Release|x64.Build.0 = Release|Any CPU
		{FBB57791-3EE0-47D7-B76D-8D165255D7B9}.Release|x86.ActiveCfg = Release|Any CPU
		{FBB57791-3EE0-47D7-B76D-8D165255D7B9}.Release|x86.Build.0 = Release|Any CPU
	EndGlobalSection
	GlobalSection(SolutionProperties) = preSolution
		HideSolutionNode = FALSE
	EndGlobalSection
	GlobalSection(NestedProjects) = preSolution
		{6137C702-23DF-4204-BC8A-25F611668B62} = {190976CA-8737-4770-90D6-F36489EFF6E4}
	EndGlobalSection
	GlobalSection(ExtensibilityGlobals) = postSolution
		SolutionGuid = {97AC3A6C-282E-40C9-B0FF-91E95BBDAB70}
	EndGlobalSection
EndGlobal
