
Microsoft Visual Studio Solution File, Format Version 12.00
# Visual Studio Version 17
VisualStudioVersion = 17.9.34728.123
MinimumVisualStudioVersion = 10.0.40219.1
Project("{9A19103F-16F7-4668-BE54-9A1E7A4F7556}") = "ThermalSim", "ThermalSim.csproj", "{CB1324E2-4361-4493-A5C9-931831FC7491}"
EndProject
Project("{9A19103F-16F7-4668-BE54-9A1E7A4F7556}") = "ThermalSim.Domain", "..\ThermalSim.Domain\ThermalSim.Domain.csproj", "{78E3A847-053F-422C-8C73-22B90A44F9A6}"
EndProject
Project("{9A19103F-16F7-4668-BE54-9A1E7A4F7556}") = "ThermalSim.Api", "..\ThermalSim.Api\ThermalSim.Api.csproj", "{D65DCCA1-D381-4AC1-BF52-02C85EAA05E4}"
EndProject
Project("{9A19103F-16F7-4668-BE54-9A1E7A4F7556}") = "ThermalSim.Helpers", "..\ThermalSim.Helpers\ThermalSim.Helpers.csproj", "{D7DF17F0-3DD7-4A3D-B796-6800BC9AFE5A}"
EndProject
Project("{2150E333-8FDC-42A3-9474-1A3956D46DE8}") = "Tests", "Tests", "{190976CA-8737-4770-90D6-F36489EFF6E4}"
EndProject
Project("{FAE04EC0-301F-11D3-BF4B-00C04F79EFBC}") = "ThermalSim.Tests", "..\ThermalSim.Tests\ThermalSim.Tests.csproj", "{55BEE9E2-1F2D-4264-86B7-0FECBC18956D}"
EndProject
Global
	GlobalSection(SolutionConfigurationPlatforms) = preSolution
		Debug|Any CPU = Debug|Any CPU
		Debug|x64 = Debug|x64
		Debug|x86 = Debug|x86
		Release|Any CPU = Release|Any CPU
		Release|x64 = Release|x64
		Release|x86 = Release|x86
	EndGlobalSection
	GlobalSection(ProjectConfigurationPlatforms) = postSolution
		{CB1324E2-4361-4493-A5C9-931831FC7491}.Debug|Any CPU.ActiveCfg = Debug|x64
		{CB1324E2-4361-4493-A5C9-931831FC7491}.Debug|Any CPU.Build.0 = Debug|x64
		{CB1324E2-4361-4493-A5C9-931831FC7491}.Debug|Any CPU.Deploy.0 = Debug|x64
		{CB1324E2-4361-4493-A5C9-931831FC7491}.Debug|x64.ActiveCfg = Debug|x64
		{CB1324E2-4361-4493-A5C9-931831FC7491}.Debug|x64.Build.0 = Debug|x64
		{CB1324E2-4361-4493-A5C9-931831FC7491}.Debug|x64.Deploy.0 = Debug|x64
		{CB1324E2-4361-4493-A5C9-931831FC7491}.Debug|x86.ActiveCfg = Debug|x86
		{CB1324E2-4361-4493-A5C9-931831FC7491}.Debug|x86.Build.0 = Debug|x86
		{CB1324E2-4361-4493-A5C9-931831FC7491}.Debug|x86.Deploy.0 = Debug|x86
		{CB1324E2-4361-4493-A5C9-931831FC7491}.Release|Any CPU.ActiveCfg = Release|x64
		{CB1324E2-4361-4493-A5C9-931831FC7491}.Release|Any CPU.Build.0 = Release|x64
		{CB1324E2-4361-4493-A5C9-931831FC7491}.Release|Any CPU.Deploy.0 = Release|x64
		{CB1324E2-4361-4493-A5C9-931831FC7491}.Release|x64.ActiveCfg = Release|x64
		{CB1324E2-4361-4493-A5C9-931831FC7491}.Release|x64.Build.0 = Release|x64
		{CB1324E2-4361-4493-A5C9-931831FC7491}.Release|x64.Deploy.0 = Release|x64
		{CB1324E2-4361-4493-A5C9-931831FC7491}.Release|x86.ActiveCfg = Release|x86
		{CB1324E2-4361-4493-A5C9-931831FC7491}.Release|x86.Build.0 = Release|x86
		{CB1324E2-4361-4493-A5C9-931831FC7491}.Release|x86.Deploy.0 = Release|x86
		{78E3A847-053F-422C-8C73-22B90A44F9A6}.Debug|Any CPU.ActiveCfg = Debug|Any CPU
		{78E3A847-053F-422C-8C73-22B90A44F9A6}.Debug|Any CPU.Build.0 = Debug|Any CPU
		{78E3A847-053F-422C-8C73-22B90A44F9A6}.Debug|x64.ActiveCfg = Debug|x64
		{78E3A847-053F-422C-8C73-22B90A44F9A6}.Debug|x64.Build.0 = Debug|x64
		{78E3A847-053F-422C-8C73-22B90A44F9A6}.Debug|x86.ActiveCfg = Debug|x86
		{78E3A847-053F-422C-8C73-22B90A44F9A6}.Debug|x86.Build.0 = Debug|x86
		{78E3A847-053F-422C-8C73-22B90A44F9A6}.Release|Any CPU.ActiveCfg = Release|Any CPU
		{78E3A847-053F-422C-8C73-22B90A44F9A6}.Release|Any CPU.Build.0 = Release|Any CPU
		{78E3A847-053F-422C-8C73-22B90A44F9A6}.Release|x64.ActiveCfg = Release|Any CPU
		{78E3A847-053F-422C-8C73-22B90A44F9A6}.Release|x64.Build.0 = Release|Any CPU
		{78E3A847-053F-422C-8C73-22B90A44F9A6}.Release|x86.ActiveCfg = Release|x86
		{78E3A847-053F-422C-8C73-22B90A44F9A6}.Release|x86.Build.0 = Release|x86
		{D65DCCA1-D381-4AC1-BF52-02C85EAA05E4}.Debug|Any CPU.ActiveCfg = Debug|Any CPU
		{D65DCCA1-D381-4AC1-BF52-02C85EAA05E4}.Debug|Any CPU.Build.0 = Debug|Any CPU
		{D65DCCA1-D381-4AC1-BF52-02C85EAA05E4}.Debug|x64.ActiveCfg = Debug|Any CPU
		{D65DCCA1-D381-4AC1-BF52-02C85EAA05E4}.Debug|x64.Build.0 = Debug|Any CPU
		{D65DCCA1-D381-4AC1-BF52-02C85EAA05E4}.Debug|x86.ActiveCfg = Debug|Any CPU
		{D65DCCA1-D381-4AC1-BF52-02C85EAA05E4}.Debug|x86.Build.0 = Debug|Any CPU
		{D65DCCA1-D381-4AC1-BF52-02C85EAA05E4}.Release|Any CPU.ActiveCfg = Release|Any CPU
		{D65DCCA1-D381-4AC1-BF52-02C85EAA05E4}.Release|Any CPU.Build.0 = Release|Any CPU
		{D65DCCA1-D381-4AC1-BF52-02C85EAA05E4}.Release|x64.ActiveCfg = Release|Any CPU
		{D65DCCA1-D381-4AC1-BF52-02C85EAA05E4}.Release|x64.Build.0 = Release|Any CPU
		{D65DCCA1-D381-4AC1-BF52-02C85EAA05E4}.Release|x86.ActiveCfg = Release|Any CPU
		{D65DCCA1-D381-4AC1-BF52-02C85EAA05E4}.Release|x86.Build.0 = Release|Any CPU
		{D7DF17F0-3DD7-4A3D-B796-6800BC9AFE5A}.Debug|Any CPU.ActiveCfg = Debug|Any CPU
		{D7DF17F0-3DD7-4A3D-B796-6800BC9AFE5A}.Debug|Any CPU.Build.0 = Debug|Any CPU
		{D7DF17F0-3DD7-4A3D-B796-6800BC9AFE5A}.Debug|x64.ActiveCfg = Debug|Any CPU
		{D7DF17F0-3DD7-4A3D-B796-6800BC9AFE5A}.Debug|x64.Build.0 = Debug|Any CPU
		{D7DF17F0-3DD7-4A3D-B796-6800BC9AFE5A}.Debug|x86.ActiveCfg = Debug|Any CPU
		{D7DF17F0-3DD7-4A3D-B796-6800BC9AFE5A}.Debug|x86.Build.0 = Debug|Any CPU
		{D7DF17F0-3DD7-4A3D-B796-6800BC9AFE5A}.Release|Any CPU.ActiveCfg = Release|Any CPU
		{D7DF17F0-3DD7-4A3D-B796-6800BC9AFE5A}.Release|Any CPU.Build.0 = Release|Any CPU
		{D7DF17F0-3DD7-4A3D-B796-6800BC9AFE5A}.Release|x64.ActiveCfg = Release|Any CPU
		{D7DF17F0-3DD7-4A3D-B796-6800BC9AFE5A}.Release|x64.Build.0 = Release|Any CPU
		{D7DF17F0-3DD7-4A3D-B796-6800BC9AFE5A}.Release|x86.ActiveCfg = Release|Any CPU
		{D7DF17F0-3DD7-4A3D-B796-6800BC9AFE5A}.Release|x86.Build.0 = Release|Any CPU
		{55BEE9E2-1F2D-4264-86B7-0FECBC18956D}.Debug|Any CPU.ActiveCfg = Debug|Any CPU
		{55BEE9E2-1F2D-4264-86B7-0FECBC18956D}.Debug|Any CPU.Build.0 = Debug|Any CPU
		{55BEE9E2-1F2D-4264-86B7-0FECBC18956D}.Debug|x64.ActiveCfg = Debug|Any CPU
		{55BEE9E2-1F2D-4264-86B7-0FECBC18956D}.Debug|x64.Build.0 = Debug|Any CPU
		{55BEE9E2-1F2D-4264-86B7-0FECBC18956D}.Debug|x86.ActiveCfg = Debug|Any CPU
		{55BEE9E2-1F2D-4264-86B7-0FECBC18956D}.Debug|x86.Build.0 = Debug|Any CPU
		{55BEE9E2-1F2D-4264-86B7-0FECBC18956D}.Release|Any CPU.ActiveCfg = Release|Any CPU
		{55BEE9E2-1F2D-4264-86B7-0FECBC18956D}.Release|Any CPU.Build.0 = Release|Any CPU
		{55BEE9E2-1F2D-4264-86B7-0FECBC18956D}.Release|x64.ActiveCfg = Release|Any CPU
		{55BEE9E2-1F2D-4264-86B7-0FECBC18956D}.Release|x64.Build.0 = Release|Any CPU
		{55BEE9E2-1F2D-4264-86B7-0FECBC18956D}.Release|x86.ActiveCfg = Release|Any CPU
		{55BEE9E2-1F2D-4264-86B7-0FECBC18956D}.Release|x86.Build.0 = Release|Any CPU
	EndGlobalSection
	GlobalSection(SolutionProperties) = preSolution
		HideSolutionNode = FALSE
	EndGlobalSection
	GlobalSection(NestedProjects) = preSolution
		{55BEE9E2-1F2D-4264-86B7-0FECBC18956D} = {190976CA-8737-4770-90D6-F36489EFF6E4}
	EndGlobalSection
	GlobalSection(ExtensibilityGlobals) = postSolution
		SolutionGuid = {97AC3A6C-282E-40C9-B0FF-91E95BBDAB70}
	EndGlobalSection
EndGlobal
