
Microsoft Visual Studio Solution File, Format Version 12.00
# Visual Studio Version 17
VisualStudioVersion = 17.9.34728.123
MinimumVisualStudioVersion = 10.0.40219.1
Project("{9A19103F-16F7-4668-BE54-9A1E7A4F7556}") = "ThermalSim", "ThermalSim.csproj", "{CB1324E2-4361-4493-A5C9-931831FC7491}"
EndProject
Project("{9A19103F-16F7-4668-BE54-9A1E7A4F7556}") = "ThermalSim.Domain", "..\ThermalSim.Domain\ThermalSim.Domain.csproj", "{78E3A847-053F-422C-8C73-22B90A44F9A6}"
EndProject
Global
	GlobalSection(SolutionConfigurationPlatforms) = preSolution
		Debug|Any CPU = Debug|Any CPU
		Debug|x86 = Debug|x86
		Release|Any CPU = Release|Any CPU
		Release|x86 = Release|x86
	EndGlobalSection
	GlobalSection(ProjectConfigurationPlatforms) = postSolution
		{CB1324E2-4361-4493-A5C9-931831FC7491}.Debug|Any CPU.ActiveCfg = Debug|Any CPU
		{CB1324E2-4361-4493-A5C9-931831FC7491}.Debug|Any CPU.Build.0 = Debug|Any CPU
		{CB1324E2-4361-4493-A5C9-931831FC7491}.Debug|Any CPU.Deploy.0 = Debug|Any CPU
		{CB1324E2-4361-4493-A5C9-931831FC7491}.Debug|x86.ActiveCfg = Debug|x86
		{CB1324E2-4361-4493-A5C9-931831FC7491}.Debug|x86.Build.0 = Debug|x86
		{CB1324E2-4361-4493-A5C9-931831FC7491}.Debug|x86.Deploy.0 = Debug|x86
		{CB1324E2-4361-4493-A5C9-931831FC7491}.Release|Any CPU.ActiveCfg = Release|Any CPU
		{CB1324E2-4361-4493-A5C9-931831FC7491}.Release|Any CPU.Build.0 = Release|Any CPU
		{CB1324E2-4361-4493-A5C9-931831FC7491}.Release|Any CPU.Deploy.0 = Release|Any CPU
		{CB1324E2-4361-4493-A5C9-931831FC7491}.Release|x86.ActiveCfg = Release|x86
		{CB1324E2-4361-4493-A5C9-931831FC7491}.Release|x86.Build.0 = Release|x86
		{CB1324E2-4361-4493-A5C9-931831FC7491}.Release|x86.Deploy.0 = Release|x86
		{78E3A847-053F-422C-8C73-22B90A44F9A6}.Debug|Any CPU.ActiveCfg = Debug|Any CPU
		{78E3A847-053F-422C-8C73-22B90A44F9A6}.Debug|Any CPU.Build.0 = Debug|Any CPU
		{78E3A847-053F-422C-8C73-22B90A44F9A6}.Debug|x86.ActiveCfg = Debug|Any CPU
		{78E3A847-053F-422C-8C73-22B90A44F9A6}.Debug|x86.Build.0 = Debug|Any CPU
		{78E3A847-053F-422C-8C73-22B90A44F9A6}.Release|Any CPU.ActiveCfg = Release|Any CPU
		{78E3A847-053F-422C-8C73-22B90A44F9A6}.Release|Any CPU.Build.0 = Release|Any CPU
		{78E3A847-053F-422C-8C73-22B90A44F9A6}.Release|x86.ActiveCfg = Release|Any CPU
		{78E3A847-053F-422C-8C73-22B90A44F9A6}.Release|x86.Build.0 = Release|Any CPU
	EndGlobalSection
	GlobalSection(SolutionProperties) = preSolution
		HideSolutionNode = FALSE
	EndGlobalSection
	GlobalSection(ExtensibilityGlobals) = postSolution
		SolutionGuid = {97AC3A6C-282E-40C9-B0FF-91E95BBDAB70}
	EndGlobalSection
EndGlobal
